
Microsoft Visual Studio Solution File, Format Version 12.00
# Visual Studio Version 17
VisualStudioVersion = 17.0.31903.59
MinimumVisualStudioVersion = 10.0.40219.1
Project("{FAE04EC0-301F-11D3-BF4B-00C04F79EFBC}") = "SimpleStorageConsole", "SimpleStorageConsole\SimpleStorageConsole.csproj", "{0E4C5534-2978-409C-B561-5743379B453B}"
EndProject
Project("{FAE04EC0-301F-11D3-BF4B-00C04F79EFBC}") = "EthereumSmartContracts", "EthereumSmartContracts\EthereumSmartContracts.csproj", "{2CC0B091-A9C3-4476-BDA9-115CF3B00872}"
EndProject
Global
	GlobalSection(SolutionConfigurationPlatforms) = preSolution
		Debug|Any CPU = Debug|Any CPU
		Release|Any CPU = Release|Any CPU
	EndGlobalSection
	GlobalSection(SolutionProperties) = preSolution
		HideSolutionNode = FALSE
	EndGlobalSection
	GlobalSection(ProjectConfigurationPlatforms) = postSolution
		{0E4C5534-2978-409C-B561-5743379B453B}.Debug|Any CPU.ActiveCfg = Debug|Any CPU
		{0E4C5534-2978-409C-B561-5743379B453B}.Debug|Any CPU.Build.0 = Debug|Any CPU
		{0E4C5534-2978-409C-B561-5743379B453B}.Release|Any CPU.ActiveCfg = Release|Any CPU
		{0E4C5534-2978-409C-B561-5743379B453B}.Release|Any CPU.Build.0 = Release|Any CPU
		{2CC0B091-A9C3-4476-BDA9-115CF3B00872}.Debug|Any CPU.ActiveCfg = Debug|Any CPU
		{2CC0B091-A9C3-4476-BDA9-115CF3B00872}.Debug|Any CPU.Build.0 = Debug|Any CPU
		{2CC0B091-A9C3-4476-BDA9-115CF3B00872}.Release|Any CPU.ActiveCfg = Release|Any CPU
		{2CC0B091-A9C3-4476-BDA9-115CF3B00872}.Release|Any CPU.Build.0 = Release|Any CPU
	EndGlobalSection
EndGlobal
